
Microsoft Visual Studio Solution File, Format Version 12.00
# Visual Studio Version 17
VisualStudioVersion = 17.4.33205.214
MinimumVisualStudioVersion = 10.0.40219.1
Project("{9A19103F-16F7-4668-BE54-9A1E7A4F7556}") = "Hillel_hw_5", "Hillel_hw_5\Hillel_hw_5.csproj", "{829E2D67-FB09-425D-A9E0-648B3C13A04C}"
EndProject
Project("{9A19103F-16F7-4668-BE54-9A1E7A4F7556}") = "BenchmarkTests", "BenchmarkTests\BenchmarkTests.csproj", "{F64C26D2-9F13-456A-A1BC-4AEE83B71148}"
EndProject
Project("{9A19103F-16F7-4668-BE54-9A1E7A4F7556}") = "Hillel_hw_6_MSTests", "Hillel_hw_6_MSTests\Hillel_hw_6_MSTests.csproj", "{DA5EDA9C-B722-4E5E-92D7-9EE72134FDE6}"
EndProject
Project("{9A19103F-16F7-4668-BE54-9A1E7A4F7556}") = "Hillel_hw_6_ClassLibrary", "Hillel_hw_6_ClassLibrary\Hillel_hw_6_ClassLibrary.csproj", "{C8FBED56-4896-4350-83A2-2F43B9E2A87A}"
EndProject
Project("{9A19103F-16F7-4668-BE54-9A1E7A4F7556}") = "Hillel_hw_7", "Hillel_hw_7\Hillel_hw_7.csproj", "{7AA6E2B6-66DB-45E4-8312-0F3B8ADD0696}"
EndProject
Project("{9A19103F-16F7-4668-BE54-9A1E7A4F7556}") = "Hillel_hw_8", "Hillel_hw_8\Hillel_hw_8.csproj", "{2D8B1A44-A754-4D36-8C75-B9F817BA6A1E}"
EndProject
Project("{9A19103F-16F7-4668-BE54-9A1E7A4F7556}") = "Hillel_hw_9", "Hillel_hw_9\Hillel_hw_9.csproj", "{0DDCFFB9-6DE0-4763-A0E3-AE0D2AEE7B5D}"
EndProject
Project("{9A19103F-16F7-4668-BE54-9A1E7A4F7556}") = "Hillel_hw_10", "Hillel_hw_10\Hillel_hw_10.csproj", "{89E83A46-6AC9-4925-AB12-9A583F67ED28}"
EndProject
Project("{9A19103F-16F7-4668-BE54-9A1E7A4F7556}") = "Hillel_hw_8_MSTests", "Hillel_hw_8_MSTests\Hillel_hw_8_MSTests.csproj", "{02CEC5E3-F367-47ED-8674-846EB7B4F328}"
	ProjectSection(ProjectDependencies) = postProject
		{2D8B1A44-A754-4D36-8C75-B9F817BA6A1E} = {2D8B1A44-A754-4D36-8C75-B9F817BA6A1E}
	EndProjectSection
EndProject
Project("{9A19103F-16F7-4668-BE54-9A1E7A4F7556}") = "Hillel_hw_11", "Hillel_hw_11\Hillel_hw_11.csproj", "{B01C427E-3ED0-4E9A-8A3D-AB3EB571DB99}"
EndProject
Project("{9A19103F-16F7-4668-BE54-9A1E7A4F7556}") = "Hillel_hw_12", "Hillel_hw_12\Hillel_hw_12.csproj", "{D2F11D1C-84E4-49EA-AD74-F7521B784333}"
EndProject
Project("{9A19103F-16F7-4668-BE54-9A1E7A4F7556}") = "Hillel_hw_13", "Hillel_hw_13\Hillel_hw_13.csproj", "{E4FA8231-54D5-4B35-AB79-35692852E438}"
EndProject
Project("{9A19103F-16F7-4668-BE54-9A1E7A4F7556}") = "Hillel_hw_11_MSTests", "Hillel_hw_11_MSTests\Hillel_hw_11_MSTests.csproj", "{ADCBEEC9-0746-4BB3-84C5-3EC80BC25901}"
EndProject
Project("{9A19103F-16F7-4668-BE54-9A1E7A4F7556}") = "Hillel_hw_14", "Hillel_hw_14\Hillel_hw_14.csproj", "{936950E6-0B97-49F4-B225-ED4FE18B34FF}"
EndProject
Project("{9A19103F-16F7-4668-BE54-9A1E7A4F7556}") = "Hillel_hw_14_MsTests", "Hillel_hw_14_MsTests\Hillel_hw_14_MsTests.csproj", "{8F1B6364-515C-4AF4-9851-A4F814B331C3}"
EndProject
Project("{FAE04EC0-301F-11D3-BF4B-00C04F79EFBC}") = "Hillel_hw_18", "Hillel_hw_18\Hillel_hw_18.csproj", "{477AEE97-B9D0-4C0C-8F61-FD661BFBBD2F}"
EndProject
Project("{FAE04EC0-301F-11D3-BF4B-00C04F79EFBC}") = "Hillel_hw_16", "Hillel_hw_16\Hillel_hw_16.csproj", "{1A2E2632-40EF-47AE-BB5F-4494EF8DDF77}"
EndProject
Project("{FAE04EC0-301F-11D3-BF4B-00C04F79EFBC}") = "Hillel_hw_15", "Hillel_hw_15\Hillel_hw_15.csproj", "{B2694B12-9C09-4D8D-9BBE-F8D83A11F05A}"
EndProject
Global
	GlobalSection(SolutionConfigurationPlatforms) = preSolution
		Debug|Any CPU = Debug|Any CPU
		Release|Any CPU = Release|Any CPU
	EndGlobalSection
	GlobalSection(ProjectConfigurationPlatforms) = postSolution
		{829E2D67-FB09-425D-A9E0-648B3C13A04C}.Debug|Any CPU.ActiveCfg = Debug|Any CPU
		{829E2D67-FB09-425D-A9E0-648B3C13A04C}.Debug|Any CPU.Build.0 = Debug|Any CPU
		{829E2D67-FB09-425D-A9E0-648B3C13A04C}.Release|Any CPU.ActiveCfg = Release|Any CPU
		{829E2D67-FB09-425D-A9E0-648B3C13A04C}.Release|Any CPU.Build.0 = Release|Any CPU
		{F64C26D2-9F13-456A-A1BC-4AEE83B71148}.Debug|Any CPU.ActiveCfg = Debug|Any CPU
		{F64C26D2-9F13-456A-A1BC-4AEE83B71148}.Debug|Any CPU.Build.0 = Debug|Any CPU
		{F64C26D2-9F13-456A-A1BC-4AEE83B71148}.Release|Any CPU.ActiveCfg = Release|Any CPU
		{F64C26D2-9F13-456A-A1BC-4AEE83B71148}.Release|Any CPU.Build.0 = Release|Any CPU
		{DA5EDA9C-B722-4E5E-92D7-9EE72134FDE6}.Debug|Any CPU.ActiveCfg = Debug|Any CPU
		{DA5EDA9C-B722-4E5E-92D7-9EE72134FDE6}.Debug|Any CPU.Build.0 = Debug|Any CPU
		{DA5EDA9C-B722-4E5E-92D7-9EE72134FDE6}.Release|Any CPU.ActiveCfg = Release|Any CPU
		{DA5EDA9C-B722-4E5E-92D7-9EE72134FDE6}.Release|Any CPU.Build.0 = Release|Any CPU
		{C8FBED56-4896-4350-83A2-2F43B9E2A87A}.Debug|Any CPU.ActiveCfg = Debug|Any CPU
		{C8FBED56-4896-4350-83A2-2F43B9E2A87A}.Debug|Any CPU.Build.0 = Debug|Any CPU
		{C8FBED56-4896-4350-83A2-2F43B9E2A87A}.Release|Any CPU.ActiveCfg = Release|Any CPU
		{C8FBED56-4896-4350-83A2-2F43B9E2A87A}.Release|Any CPU.Build.0 = Release|Any CPU
		{7AA6E2B6-66DB-45E4-8312-0F3B8ADD0696}.Debug|Any CPU.ActiveCfg = Debug|Any CPU
		{7AA6E2B6-66DB-45E4-8312-0F3B8ADD0696}.Debug|Any CPU.Build.0 = Debug|Any CPU
		{7AA6E2B6-66DB-45E4-8312-0F3B8ADD0696}.Release|Any CPU.ActiveCfg = Release|Any CPU
		{7AA6E2B6-66DB-45E4-8312-0F3B8ADD0696}.Release|Any CPU.Build.0 = Release|Any CPU
		{2D8B1A44-A754-4D36-8C75-B9F817BA6A1E}.Debug|Any CPU.ActiveCfg = Debug|Any CPU
		{2D8B1A44-A754-4D36-8C75-B9F817BA6A1E}.Debug|Any CPU.Build.0 = Debug|Any CPU
		{2D8B1A44-A754-4D36-8C75-B9F817BA6A1E}.Release|Any CPU.ActiveCfg = Release|Any CPU
		{2D8B1A44-A754-4D36-8C75-B9F817BA6A1E}.Release|Any CPU.Build.0 = Release|Any CPU
		{0DDCFFB9-6DE0-4763-A0E3-AE0D2AEE7B5D}.Debug|Any CPU.ActiveCfg = Debug|Any CPU
		{0DDCFFB9-6DE0-4763-A0E3-AE0D2AEE7B5D}.Debug|Any CPU.Build.0 = Debug|Any CPU
		{0DDCFFB9-6DE0-4763-A0E3-AE0D2AEE7B5D}.Release|Any CPU.ActiveCfg = Release|Any CPU
		{0DDCFFB9-6DE0-4763-A0E3-AE0D2AEE7B5D}.Release|Any CPU.Build.0 = Release|Any CPU
		{89E83A46-6AC9-4925-AB12-9A583F67ED28}.Debug|Any CPU.ActiveCfg = Debug|Any CPU
		{89E83A46-6AC9-4925-AB12-9A583F67ED28}.Debug|Any CPU.Build.0 = Debug|Any CPU
		{89E83A46-6AC9-4925-AB12-9A583F67ED28}.Release|Any CPU.ActiveCfg = Release|Any CPU
		{89E83A46-6AC9-4925-AB12-9A583F67ED28}.Release|Any CPU.Build.0 = Release|Any CPU
		{02CEC5E3-F367-47ED-8674-846EB7B4F328}.Debug|Any CPU.ActiveCfg = Debug|Any CPU
		{02CEC5E3-F367-47ED-8674-846EB7B4F328}.Debug|Any CPU.Build.0 = Debug|Any CPU
		{02CEC5E3-F367-47ED-8674-846EB7B4F328}.Release|Any CPU.ActiveCfg = Release|Any CPU
		{02CEC5E3-F367-47ED-8674-846EB7B4F328}.Release|Any CPU.Build.0 = Release|Any CPU
		{B01C427E-3ED0-4E9A-8A3D-AB3EB571DB99}.Debug|Any CPU.ActiveCfg = Debug|Any CPU
		{B01C427E-3ED0-4E9A-8A3D-AB3EB571DB99}.Debug|Any CPU.Build.0 = Debug|Any CPU
		{B01C427E-3ED0-4E9A-8A3D-AB3EB571DB99}.Release|Any CPU.ActiveCfg = Release|Any CPU
		{B01C427E-3ED0-4E9A-8A3D-AB3EB571DB99}.Release|Any CPU.Build.0 = Release|Any CPU
		{D2F11D1C-84E4-49EA-AD74-F7521B784333}.Debug|Any CPU.ActiveCfg = Debug|Any CPU
		{D2F11D1C-84E4-49EA-AD74-F7521B784333}.Debug|Any CPU.Build.0 = Debug|Any CPU
		{D2F11D1C-84E4-49EA-AD74-F7521B784333}.Release|Any CPU.ActiveCfg = Release|Any CPU
		{D2F11D1C-84E4-49EA-AD74-F7521B784333}.Release|Any CPU.Build.0 = Release|Any CPU
		{E4FA8231-54D5-4B35-AB79-35692852E438}.Debug|Any CPU.ActiveCfg = Debug|Any CPU
		{E4FA8231-54D5-4B35-AB79-35692852E438}.Debug|Any CPU.Build.0 = Debug|Any CPU
		{E4FA8231-54D5-4B35-AB79-35692852E438}.Release|Any CPU.ActiveCfg = Release|Any CPU
		{E4FA8231-54D5-4B35-AB79-35692852E438}.Release|Any CPU.Build.0 = Release|Any CPU
		{ADCBEEC9-0746-4BB3-84C5-3EC80BC25901}.Debug|Any CPU.ActiveCfg = Debug|Any CPU
		{ADCBEEC9-0746-4BB3-84C5-3EC80BC25901}.Debug|Any CPU.Build.0 = Debug|Any CPU
		{ADCBEEC9-0746-4BB3-84C5-3EC80BC25901}.Release|Any CPU.ActiveCfg = Release|Any CPU
		{ADCBEEC9-0746-4BB3-84C5-3EC80BC25901}.Release|Any CPU.Build.0 = Release|Any CPU
		{936950E6-0B97-49F4-B225-ED4FE18B34FF}.Debug|Any CPU.ActiveCfg = Debug|Any CPU
		{936950E6-0B97-49F4-B225-ED4FE18B34FF}.Debug|Any CPU.Build.0 = Debug|Any CPU
		{936950E6-0B97-49F4-B225-ED4FE18B34FF}.Release|Any CPU.ActiveCfg = Release|Any CPU
		{936950E6-0B97-49F4-B225-ED4FE18B34FF}.Release|Any CPU.Build.0 = Release|Any CPU
		{8F1B6364-515C-4AF4-9851-A4F814B331C3}.Debug|Any CPU.ActiveCfg = Debug|Any CPU
		{8F1B6364-515C-4AF4-9851-A4F814B331C3}.Debug|Any CPU.Build.0 = Debug|Any CPU
		{8F1B6364-515C-4AF4-9851-A4F814B331C3}.Release|Any CPU.ActiveCfg = Release|Any CPU
		{8F1B6364-515C-4AF4-9851-A4F814B331C3}.Release|Any CPU.Build.0 = Release|Any CPU
		{477AEE97-B9D0-4C0C-8F61-FD661BFBBD2F}.Debug|Any CPU.ActiveCfg = Debug|Any CPU
		{477AEE97-B9D0-4C0C-8F61-FD661BFBBD2F}.Debug|Any CPU.Build.0 = Debug|Any CPU
		{477AEE97-B9D0-4C0C-8F61-FD661BFBBD2F}.Release|Any CPU.ActiveCfg = Release|Any CPU
		{477AEE97-B9D0-4C0C-8F61-FD661BFBBD2F}.Release|Any CPU.Build.0 = Release|Any CPU
		{1A2E2632-40EF-47AE-BB5F-4494EF8DDF77}.Debug|Any CPU.ActiveCfg = Debug|Any CPU
		{1A2E2632-40EF-47AE-BB5F-4494EF8DDF77}.Debug|Any CPU.Build.0 = Debug|Any CPU
		{1A2E2632-40EF-47AE-BB5F-4494EF8DDF77}.Release|Any CPU.ActiveCfg = Release|Any CPU
		{1A2E2632-40EF-47AE-BB5F-4494EF8DDF77}.Release|Any CPU.Build.0 = Release|Any CPU
		{B2694B12-9C09-4D8D-9BBE-F8D83A11F05A}.Debug|Any CPU.ActiveCfg = Debug|Any CPU
		{B2694B12-9C09-4D8D-9BBE-F8D83A11F05A}.Debug|Any CPU.Build.0 = Debug|Any CPU
		{B2694B12-9C09-4D8D-9BBE-F8D83A11F05A}.Release|Any CPU.ActiveCfg = Release|Any CPU
		{B2694B12-9C09-4D8D-9BBE-F8D83A11F05A}.Release|Any CPU.Build.0 = Release|Any CPU
	EndGlobalSection
	GlobalSection(SolutionProperties) = preSolution
		HideSolutionNode = FALSE
	EndGlobalSection
	GlobalSection(ExtensibilityGlobals) = postSolution
		SolutionGuid = {8AE358AD-6BD8-4951-935F-90AA076E4266}
	EndGlobalSection
EndGlobal
